// !$*UTF8*$!
{
	archiveVersion = 1;
	classes = {
	};
	objectVersion = 46;
	objects = {

/* Begin PBXBuildFile section */
		600FB1281E1EA5EC00B32E1A /* AppDelegate.swift in Sources */ = {isa = PBXBuildFile; fileRef = 600FB1271E1EA5EC00B32E1A /* AppDelegate.swift */; };
		600FB12A1E1EA5EC00B32E1A /* ViewController.swift in Sources */ = {isa = PBXBuildFile; fileRef = 600FB1291E1EA5EC00B32E1A /* ViewController.swift */; };
		600FB12D1E1EA5EC00B32E1A /* Main.storyboard in Resources */ = {isa = PBXBuildFile; fileRef = 600FB12B1E1EA5EC00B32E1A /* Main.storyboard */; };
		600FB12F1E1EA5EC00B32E1A /* Assets.xcassets in Resources */ = {isa = PBXBuildFile; fileRef = 600FB12E1E1EA5EC00B32E1A /* Assets.xcassets */; };
		600FB1321E1EA5EC00B32E1A /* LaunchScreen.storyboard in Resources */ = {isa = PBXBuildFile; fileRef = 600FB1301E1EA5EC00B32E1A /* LaunchScreen.storyboard */; };
/* End PBXBuildFile section */

/* Begin PBXFileReference section */
		600FB1241E1EA5EC00B32E1A /* HackTurabo App.app */ = {isa = PBXFileReference; explicitFileType = wrapper.application; includeInIndex = 0; path = "HackTurabo App.app"; sourceTree = BUILT_PRODUCTS_DIR; };
		600FB1271E1EA5EC00B32E1A /* AppDelegate.swift */ = {isa = PBXFileReference; lastKnownFileType = sourcecode.swift; path = AppDelegate.swift; sourceTree = "<group>"; };
		600FB1291E1EA5EC00B32E1A /* ViewController.swift */ = {isa = PBXFileReference; lastKnownFileType = sourcecode.swift; path = ViewController.swift; sourceTree = "<group>"; };
		600FB12C1E1EA5EC00B32E1A /* Base */ = {isa = PBXFileReference; lastKnownFileType = file.storyboard; name = Base; path = Base.lproj/Main.storyboard; sourceTree = "<group>"; };
		600FB12E1E1EA5EC00B32E1A /* Assets.xcassets */ = {isa = PBXFileReference; lastKnownFileType = folder.assetcatalog; path = Assets.xcassets; sourceTree = "<group>"; };
		600FB1311E1EA5EC00B32E1A /* Base */ = {isa = PBXFileReference; lastKnownFileType = file.storyboard; name = Base; path = Base.lproj/LaunchScreen.storyboard; sourceTree = "<group>"; };
		600FB1331E1EA5EC00B32E1A /* Info.plist */ = {isa = PBXFileReference; lastKnownFileType = text.plist.xml; path = Info.plist; sourceTree = "<group>"; };
/* End PBXFileReference section */

/* Begin PBXFrameworksBuildPhase section */
		600FB1211E1EA5EC00B32E1A /* Frameworks */ = {
			isa = PBXFrameworksBuildPhase;
			buildActionMask = 2147483647;
			files = (
			);
			runOnlyForDeploymentPostprocessing = 0;
		};
/* End PBXFrameworksBuildPhase section */

/* Begin PBXGroup section */
		600FB11B1E1EA5EC00B32E1A = {
			isa = PBXGroup;
			children = (
				600FB1261E1EA5EC00B32E1A /* HackTurabo App */,
				600FB1251E1EA5EC00B32E1A /* Products */,
			);
			sourceTree = "<group>";
		};
		600FB1251E1EA5EC00B32E1A /* Products */ = {
			isa = PBXGroup;
			children = (
				600FB1241E1EA5EC00B32E1A /* HackTurabo App.app */,
			);
			name = Products;
			sourceTree = "<group>";
		};
		600FB1261E1EA5EC00B32E1A /* HackTurabo App */ = {
			isa = PBXGroup;
			children = (
				600FB1271E1EA5EC00B32E1A /* AppDelegate.swift */,
				600FB1291E1EA5EC00B32E1A /* ViewController.swift */,
				600FB12B1E1EA5EC00B32E1A /* Main.storyboard */,
				600FB12E1E1EA5EC00B32E1A /* Assets.xcassets */,
				600FB1301E1EA5EC00B32E1A /* LaunchScreen.storyboard */,
				600FB1331E1EA5EC00B32E1A /* Info.plist */,
			);
			path = "HackTurabo App";
			sourceTree = "<group>";
		};
/* End PBXGroup section */

/* Begin PBXNativeTarget section */
		600FB1231E1EA5EC00B32E1A /* HackTurabo App */ = {
			isa = PBXNativeTarget;
			buildConfigurationList = 600FB1361E1EA5EC00B32E1A /* Build configuration list for PBXNativeTarget "HackTurabo App" */;
			buildPhases = (
				600FB1201E1EA5EC00B32E1A /* Sources */,
				600FB1211E1EA5EC00B32E1A /* Frameworks */,
				600FB1221E1EA5EC00B32E1A /* Resources */,
			);
			buildRules = (
			);
			dependencies = (
			);
			name = "HackTurabo App";
			productName = "HackTurabo App";
			productReference = 600FB1241E1EA5EC00B32E1A /* HackTurabo App.app */;
			productType = "com.apple.product-type.application";
		};
/* End PBXNativeTarget section */

/* Begin PBXProject section */
		600FB11C1E1EA5EC00B32E1A /* Project object */ = {
			isa = PBXProject;
			attributes = {
				LastSwiftUpdateCheck = 0820;
				LastUpgradeCheck = 0820;
				ORGANIZATIONNAME = Mike;
				TargetAttributes = {
					600FB1231E1EA5EC00B32E1A = {
						CreatedOnToolsVersion = 8.2.1;
						DevelopmentTeam = 4E8NC6KPHS;
						ProvisioningStyle = Automatic;
					};
				};
			};
			buildConfigurationList = 600FB11F1E1EA5EC00B32E1A /* Build configuration list for PBXProject "HackTurabo App" */;
			compatibilityVersion = "Xcode 3.2";
			developmentRegion = English;
			hasScannedForEncodings = 0;
			knownRegions = (
				en,
				Base,
			);
			mainGroup = 600FB11B1E1EA5EC00B32E1A;
			productRefGroup = 600FB1251E1EA5EC00B32E1A /* Products */;
			projectDirPath = "";
			projectRoot = "";
			targets = (
				600FB1231E1EA5EC00B32E1A /* HackTurabo App */,
			);
		};
/* End PBXProject section */

/* Begin PBXResourcesBuildPhase section */
		600FB1221E1EA5EC00B32E1A /* Resources */ = {
			isa = PBXResourcesBuildPhase;
			buildActionMask = 2147483647;
			files = (
				600FB1321E1EA5EC00B32E1A /* LaunchScreen.storyboard in Resources */,
				600FB12F1E1EA5EC00B32E1A /* Assets.xcassets in Resources */,
				600FB12D1E1EA5EC00B32E1A /* Main.storyboard in Resources */,
			);
			runOnlyForDeploymentPostprocessing = 0;
		};
/* End PBXResourcesBuildPhase section */

/* Begin PBXSourcesBuildPhase section */
		600FB1201E1EA5EC00B32E1A /* Sources */ = {
			isa = PBXSourcesBuildPhase;
			buildActionMask = 2147483647;
			files = (
				600FB12A1E1EA5EC00B32E1A /* ViewController.swift in Sources */,
				600FB1281E1EA5EC00B32E1A /* AppDelegate.swift in Sources */,
			);
			runOnlyForDeploymentPostprocessing = 0;
		};
/* End PBXSourcesBuildPhase section */

/* Begin PBXVariantGroup section */
		600FB12B1E1EA5EC00B32E1A /* Main.storyboard */ = {
			isa = PBXVariantGroup;
			children = (
				600FB12C1E1EA5EC00B32E1A /* Base */,
			);
			name = Main.storyboard;
			sourceTree = "<group>";
		};
		600FB1301E1EA5EC00B32E1A /* LaunchScreen.storyboard */ = {
			isa = PBXVariantGroup;
			children = (
				600FB1311E1EA5EC00B32E1A /* Base */,
			);
			name = LaunchScreen.storyboard;
			sourceTree = "<group>";
		};
/* End PBXVariantGroup section */

/* Begin XCBuildConfiguration section */
		600FB1341E1EA5EC00B32E1A /* Debug */ = {
			isa = XCBuildConfiguration;
			buildSettings = {
				ALWAYS_SEARCH_USER_PATHS = NO;
				CLANG_ANALYZER_NONNULL = YES;
				CLANG_CXX_LANGUAGE_STANDARD = "gnu++0x";
				CLANG_CXX_LIBRARY = "libc++";
				CLANG_ENABLE_MODULES = YES;
				CLANG_ENABLE_OBJC_ARC = YES;
				CLANG_WARN_BOOL_CONVERSION = YES;
				CLANG_WARN_CONSTANT_CONVERSION = YES;
				CLANG_WARN_DIRECT_OBJC_ISA_USAGE = YES_ERROR;
				CLANG_WARN_DOCUMENTATION_COMMENTS = YES;
				CLANG_WARN_EMPTY_BODY = YES;
				CLANG_WARN_ENUM_CONVERSION = YES;
				CLANG_WARN_INFINITE_RECURSION = YES;
				CLANG_WARN_INT_CONVERSION = YES;
				CLANG_WARN_OBJC_ROOT_CLASS = YES_ERROR;
				CLANG_WARN_SUSPICIOUS_MOVE = YES;
				CLANG_WARN_UNREACHABLE_CODE = YES;
				CLANG_WARN__DUPLICATE_METHOD_MATCH = YES;
				"CODE_SIGN_IDENTITY[sdk=iphoneos*]" = "iPhone Developer";
				COPY_PHASE_STRIP = NO;
				DEBUG_INFORMATION_FORMAT = dwarf;
				ENABLE_STRICT_OBJC_MSGSEND = YES;
				ENABLE_TESTABILITY = YES;
				GCC_C_LANGUAGE_STANDARD = gnu99;
				GCC_DYNAMIC_NO_PIC = NO;
				GCC_NO_COMMON_BLOCKS = YES;
				GCC_OPTIMIZATION_LEVEL = 0;
				GCC_PREPROCESSOR_DEFINITIONS = (
					"DEBUG=1",
					"$(inherited)",
				);
				GCC_WARN_64_TO_32_BIT_CONVERSION = YES;
				GCC_WARN_ABOUT_RETURN_TYPE = YES_ERROR;
				GCC_WARN_UNDECLARED_SELECTOR = YES;
				GCC_WARN_UNINITIALIZED_AUTOS = YES_AGGRESSIVE;
				GCC_WARN_UNUSED_FUNCTION = YES;
				GCC_WARN_UNUSED_VARIABLE = YES;
				IPHONEOS_DEPLOYMENT_TARGET = 10.2;
				MTL_ENABLE_DEBUG_INFO = YES;
				ONLY_ACTIVE_ARCH = YES;
				SDKROOT = iphoneos;
				SWIFT_ACTIVE_COMPILATION_CONDITIONS = DEBUG;
				SWIFT_OPTIMIZATION_LEVEL = "-Onone";
				TARGETED_DEVICE_FAMILY = "1,2";
			};
			name = Debug;
		};
		600FB1351E1EA5EC00B32E1A /* Release */ = {
			isa = XCBuildConfiguration;
			buildSettings = {
				ALWAYS_SEARCH_USER_PATHS = NO;
				CLANG_ANALYZER_NONNULL = YES;
				CLANG_CXX_LANGUAGE_STANDARD = "gnu++0x";
				CLANG_CXX_LIBRARY = "libc++";
				CLANG_ENABLE_MODULES = YES;
				CLANG_ENABLE_OBJC_ARC = YES;
				CLANG_WARN_BOOL_CONVERSION = YES;
				CLANG_WARN_CONSTANT_CONVERSION = YES;
				CLANG_WARN_DIRECT_OBJC_ISA_USAGE = YES_ERROR;
				CLANG_WARN_DOCUMENTATION_COMMENTS = YES;
				CLANG_WARN_EMPTY_BODY = YES;
				CLANG_WARN_ENUM_CONVERSION = YES;
				CLANG_WARN_INFINITE_RECURSION = YES;
				CLANG_WARN_INT_CONVERSION = YES;
				CLANG_WARN_OBJC_ROOT_CLASS = YES_ERROR;
				CLANG_WARN_SUSPICIOUS_MOVE = YES;
				CLANG_WARN_UNREACHABLE_CODE = YES;
				CLANG_WARN__DUPLICATE_METHOD_MATCH = YES;
				"CODE_SIGN_IDENTITY[sdk=iphoneos*]" = "iPhone Developer";
				COPY_PHASE_STRIP = NO;
				DEBUG_INFORMATION_FORMAT = "dwarf-with-dsym";
				ENABLE_NS_ASSERTIONS = NO;
				ENABLE_STRICT_OBJC_MSGSEND = YES;
				GCC_C_LANGUAGE_STANDARD = gnu99;
				GCC_NO_COMMON_BLOCKS = YES;
				GCC_WARN_64_TO_32_BIT_CONVERSION = YES;
				GCC_WARN_ABOUT_RETURN_TYPE = YES_ERROR;
				GCC_WARN_UNDECLARED_SELECTOR = YES;
				GCC_WARN_UNINITIALIZED_AUTOS = YES_AGGRESSIVE;
				GCC_WARN_UNUSED_FUNCTION = YES;
				GCC_WARN_UNUSED_VARIABLE = YES;
				IPHONEOS_DEPLOYMENT_TARGET = 10.2;
				MTL_ENABLE_DEBUG_INFO = NO;
				SDKROOT = iphoneos;
				SWIFT_OPTIMIZATION_LEVEL = "-Owholemodule";
				TARGETED_DEVICE_FAMILY = "1,2";
				VALIDATE_PRODUCT = YES;
			};
			name = Release;
		};
		600FB1371E1EA5EC00B32E1A /* Debug */ = {
			isa = XCBuildConfiguration;
			buildSettings = {
				ASSETCATALOG_COMPILER_APPICON_NAME = AppIcon;
				DEVELOPMENT_TEAM = 4E8NC6KPHS;
				INFOPLIST_FILE = "HackTurabo App/Info.plist";
				LD_RUNPATH_SEARCH_PATHS = "$(inherited) @executable_path/Frameworks";
				PRODUCT_BUNDLE_IDENTIFIER = "com.mikewazaoski.HackTurabo-App";
				PRODUCT_NAME = "$(TARGET_NAME)";
				SWIFT_VERSION = 3.0;
			};
			name = Debug;
		};
		600FB1381E1EA5EC00B32E1A /* Release */ = {
			isa = XCBuildConfiguration;
			buildSettings = {
				ASSETCATALOG_COMPILER_APPICON_NAME = AppIcon;
				DEVELOPMENT_TEAM = 4E8NC6KPHS;
				INFOPLIST_FILE = "HackTurabo App/Info.plist";
				LD_RUNPATH_SEARCH_PATHS = "$(inherited) @executable_path/Frameworks";
				PRODUCT_BUNDLE_IDENTIFIER = "com.mikewazaoski.HackTurabo-App";
				PRODUCT_NAME = "$(TARGET_NAME)";
				SWIFT_VERSION = 3.0;
			};
			name = Release;
		};
/* End XCBuildConfiguration section */

/* Begin XCConfigurationList section */
		600FB11F1E1EA5EC00B32E1A /* Build configuration list for PBXProject "HackTurabo App" */ = {
			isa = XCConfigurationList;
			buildConfigurations = (
				600FB1341E1EA5EC00B32E1A /* Debug */,
				600FB1351E1EA5EC00B32E1A /* Release */,
			);
			defaultConfigurationIsVisible = 0;
			defaultConfigurationName = Release;
		};
		600FB1361E1EA5EC00B32E1A /* Build configuration list for PBXNativeTarget "HackTurabo App" */ = {
			isa = XCConfigurationList;
			buildConfigurations = (
				600FB1371E1EA5EC00B32E1A /* Debug */,
				600FB1381E1EA5EC00B32E1A /* Release */,
			);
			defaultConfigurationIsVisible = 0;
		};
/* End XCConfigurationList section */
	};
	rootObject = 600FB11C1E1EA5EC00B32E1A /* Project object */;
}
